
Microsoft Visual Studio Solution File, Format Version 12.00
# Visual Studio Version 16
VisualStudioVersion = 16.0.29728.190
MinimumVisualStudioVersion = 10.0.40219.1
Project("{FAE04EC0-301F-11D3-BF4B-00C04F79EFBC}") = "EjercicioBuilder", "EjercicioBuilder\EjercicioBuilder.csproj", "{128E29E5-9EA6-46F5-8E8E-8537B4B8FADD}"
EndProject
Global
	GlobalSection(SolutionConfigurationPlatforms) = preSolution
		Debug|Any CPU = Debug|Any CPU
		Release|Any CPU = Release|Any CPU
	EndGlobalSection
	GlobalSection(ProjectConfigurationPlatforms) = postSolution
		{128E29E5-9EA6-46F5-8E8E-8537B4B8FADD}.Debug|Any CPU.ActiveCfg = Debug|Any CPU
		{128E29E5-9EA6-46F5-8E8E-8537B4B8FADD}.Debug|Any CPU.Build.0 = Debug|Any CPU
		{128E29E5-9EA6-46F5-8E8E-8537B4B8FADD}.Release|Any CPU.ActiveCfg = Release|Any CPU
		{128E29E5-9EA6-46F5-8E8E-8537B4B8FADD}.Release|Any CPU.Build.0 = Release|Any CPU
	EndGlobalSection
	GlobalSection(SolutionProperties) = preSolution
		HideSolutionNode = FALSE
	EndGlobalSection
	GlobalSection(ExtensibilityGlobals) = postSolution
		SolutionGuid = {CCF3B1BA-EEF6-4802-8F07-38B01E4F7A05}
	EndGlobalSection
EndGlobal
